
Microsoft Visual Studio Solution File, Format Version 12.00
# Visual Studio 15
VisualStudioVersion = 15.0.34112.143
MinimumVisualStudioVersion = 10.0.40219.1
Project("{8BC9CEB8-8B4A-11D0-8D11-00A0C91BC942}") = "P05", "P05\P05.vcxproj", "{B70B17C4-7463-4BFC-8690-2EE1C88AC3B5}"
EndProject
Project("{8BC9CEB8-8B4A-11D0-8D11-00A0C91BC942}") = "P06", "P06\P06.vcxproj", "{32451B58-B246-4B41-9006-065129BBD034}"
EndProject
Project("{8BC9CEB8-8B4A-11D0-8D11-00A0C91BC942}") = "P10", "P10\P10.vcxproj", "{93099E78-D989-4153-B712-0B199AEF9C19}"
EndProject
Project("{8BC9CEB8-8B4A-11D0-8D11-00A0C91BC942}") = "P13", "P13\P13.vcxproj", "{0CA42D4D-474F-43CC-A713-53BFBB9879F0}"
EndProject
Project("{8BC9CEB8-8B4A-11D0-8D11-00A0C91BC942}") = "P15", "P15\P15.vcxproj", "{9645BD23-AEC0-46AC-96B9-76049538F564}"
EndProject
Project("{8BC9CEB8-8B4A-11D0-8D11-00A0C91BC942}") = "P19", "P19\P19.vcxproj", "{3CCDA46D-0533-4389-815A-A75E39E179A3}"
EndProject
Project("{8BC9CEB8-8B4A-11D0-8D11-00A0C91BC942}") = "P25", "P25\P25.vcxproj", "{24DC18F4-AF55-4320-B027-A4D8625AD594}"
EndProject
Project("{8BC9CEB8-8B4A-11D0-8D11-00A0C91BC942}") = "6.19", "6.19\6.19.vcxproj", "{5FE4BDD7-88AF-4326-9EAB-9CEC858598AE}"
EndProject
Project("{8BC9CEB8-8B4A-11D0-8D11-00A0C91BC942}") = "6.33", "6.33\6.33.vcxproj", "{5A2C1089-1710-4F30-A10C-809F93B2F257}"
EndProject
Project("{8BC9CEB8-8B4A-11D0-8D11-00A0C91BC942}") = "6.36", "6.36\6.36.vcxproj", "{83D232CF-6058-4434-AEB0-93BBCFC64329}"
EndProject
Project("{8BC9CEB8-8B4A-11D0-8D11-00A0C91BC942}") = "6.37", "6.37\6.37.vcxproj", "{A8DB3C3B-9143-448A-8F89-04F4A7CDE5F7}"
EndProject
Global
	GlobalSection(SolutionConfigurationPlatforms) = preSolution
		Debug|x64 = Debug|x64
		Debug|x86 = Debug|x86
		Release|x64 = Release|x64
		Release|x86 = Release|x86
	EndGlobalSection
	GlobalSection(ProjectConfigurationPlatforms) = postSolution
		{B70B17C4-7463-4BFC-8690-2EE1C88AC3B5}.Debug|x64.ActiveCfg = Debug|x64
		{B70B17C4-7463-4BFC-8690-2EE1C88AC3B5}.Debug|x64.Build.0 = Debug|x64
		{B70B17C4-7463-4BFC-8690-2EE1C88AC3B5}.Debug|x86.ActiveCfg = Debug|Win32
		{B70B17C4-7463-4BFC-8690-2EE1C88AC3B5}.Debug|x86.Build.0 = Debug|Win32
		{B70B17C4-7463-4BFC-8690-2EE1C88AC3B5}.Release|x64.ActiveCfg = Release|x64
		{B70B17C4-7463-4BFC-8690-2EE1C88AC3B5}.Release|x64.Build.0 = Release|x64
		{B70B17C4-7463-4BFC-8690-2EE1C88AC3B5}.Release|x86.ActiveCfg = Release|Win32
		{B70B17C4-7463-4BFC-8690-2EE1C88AC3B5}.Release|x86.Build.0 = Release|Win32
		{32451B58-B246-4B41-9006-065129BBD034}.Debug|x64.ActiveCfg = Debug|x64
		{32451B58-B246-4B41-9006-065129BBD034}.Debug|x64.Build.0 = Debug|x64
		{32451B58-B246-4B41-9006-065129BBD034}.Debug|x86.ActiveCfg = Debug|Win32
		{32451B58-B246-4B41-9006-065129BBD034}.Debug|x86.Build.0 = Debug|Win32
		{32451B58-B246-4B41-9006-065129BBD034}.Release|x64.ActiveCfg = Release|x64
		{32451B58-B246-4B41-9006-065129BBD034}.Release|x64.Build.0 = Release|x64
		{32451B58-B246-4B41-9006-065129BBD034}.Release|x86.ActiveCfg = Release|Win32
		{32451B58-B246-4B41-9006-065129BBD034}.Release|x86.Build.0 = Release|Win32
		{93099E78-D989-4153-B712-0B199AEF9C19}.Debug|x64.ActiveCfg = Debug|x64
		{93099E78-D989-4153-B712-0B199AEF9C19}.Debug|x64.Build.0 = Debug|x64
		{93099E78-D989-4153-B712-0B199AEF9C19}.Debug|x86.ActiveCfg = Debug|Win32
		{93099E78-D989-4153-B712-0B199AEF9C19}.Debug|x86.Build.0 = Debug|Win32
		{93099E78-D989-4153-B712-0B199AEF9C19}.Release|x64.ActiveCfg = Release|x64
		{93099E78-D989-4153-B712-0B199AEF9C19}.Release|x64.Build.0 = Release|x64
		{93099E78-D989-4153-B712-0B199AEF9C19}.Release|x86.ActiveCfg = Release|Win32
		{93099E78-D989-4153-B712-0B199AEF9C19}.Release|x86.Build.0 = Release|Win32
		{0CA42D4D-474F-43CC-A713-53BFBB9879F0}.Debug|x64.ActiveCfg = Debug|x64
		{0CA42D4D-474F-43CC-A713-53BFBB9879F0}.Debug|x64.Build.0 = Debug|x64
		{0CA42D4D-474F-43CC-A713-53BFBB9879F0}.Debug|x86.ActiveCfg = Debug|Win32
		{0CA42D4D-474F-43CC-A713-53BFBB9879F0}.Debug|x86.Build.0 = Debug|Win32
		{0CA42D4D-474F-43CC-A713-53BFBB9879F0}.Release|x64.ActiveCfg = Release|x64
		{0CA42D4D-474F-43CC-A713-53BFBB9879F0}.Release|x64.Build.0 = Release|x64
		{0CA42D4D-474F-43CC-A713-53BFBB9879F0}.Release|x86.ActiveCfg = Release|Win32
		{0CA42D4D-474F-43CC-A713-53BFBB9879F0}.Release|x86.Build.0 = Release|Win32
		{9645BD23-AEC0-46AC-96B9-76049538F564}.Debug|x64.ActiveCfg = Debug|x64
		{9645BD23-AEC0-46AC-96B9-76049538F564}.Debug|x64.Build.0 = Debug|x64
		{9645BD23-AEC0-46AC-96B9-76049538F564}.Debug|x86.ActiveCfg = Debug|Win32
		{9645BD23-AEC0-46AC-96B9-76049538F564}.Debug|x86.Build.0 = Debug|Win32
		{9645BD23-AEC0-46AC-96B9-76049538F564}.Release|x64.ActiveCfg = Release|x64
		{9645BD23-AEC0-46AC-96B9-76049538F564}.Release|x64.Build.0 = Release|x64
		{9645BD23-AEC0-46AC-96B9-76049538F564}.Release|x86.ActiveCfg = Release|Win32
		{9645BD23-AEC0-46AC-96B9-76049538F564}.Release|x86.Build.0 = Release|Win32
		{3CCDA46D-0533-4389-815A-A75E39E179A3}.Debug|x64.ActiveCfg = Debug|x64
		{3CCDA46D-0533-4389-815A-A75E39E179A3}.Debug|x64.Build.0 = Debug|x64
		{3CCDA46D-0533-4389-815A-A75E39E179A3}.Debug|x86.ActiveCfg = Debug|Win32
		{3CCDA46D-0533-4389-815A-A75E39E179A3}.Debug|x86.Build.0 = Debug|Win32
		{3CCDA46D-0533-4389-815A-A75E39E179A3}.Release|x64.ActiveCfg = Release|x64
		{3CCDA46D-0533-4389-815A-A75E39E179A3}.Release|x64.Build.0 = Release|x64
		{3CCDA46D-0533-4389-815A-A75E39E179A3}.Release|x86.ActiveCfg = Release|Win32
		{3CCDA46D-0533-4389-815A-A75E39E179A3}.Release|x86.Build.0 = Release|Win32
		{24DC18F4-AF55-4320-B027-A4D8625AD594}.Debug|x64.ActiveCfg = Debug|x64
		{24DC18F4-AF55-4320-B027-A4D8625AD594}.Debug|x64.Build.0 = Debug|x64
		{24DC18F4-AF55-4320-B027-A4D8625AD594}.Debug|x86.ActiveCfg = Debug|Win32
		{24DC18F4-AF55-4320-B027-A4D8625AD594}.Debug|x86.Build.0 = Debug|Win32
		{24DC18F4-AF55-4320-B027-A4D8625AD594}.Release|x64.ActiveCfg = Release|x64
		{24DC18F4-AF55-4320-B027-A4D8625AD594}.Release|x64.Build.0 = Release|x64
		{24DC18F4-AF55-4320-B027-A4D8625AD594}.Release|x86.ActiveCfg = Release|Win32
		{24DC18F4-AF55-4320-B027-A4D8625AD594}.Release|x86.Build.0 = Release|Win32
		{5FE4BDD7-88AF-4326-9EAB-9CEC858598AE}.Debug|x64.ActiveCfg = Debug|x64
		{5FE4BDD7-88AF-4326-9EAB-9CEC858598AE}.Debug|x64.Build.0 = Debug|x64
		{5FE4BDD7-88AF-4326-9EAB-9CEC858598AE}.Debug|x86.ActiveCfg = Debug|Win32
		{5FE4BDD7-88AF-4326-9EAB-9CEC858598AE}.Debug|x86.Build.0 = Debug|Win32
		{5FE4BDD7-88AF-4326-9EAB-9CEC858598AE}.Release|x64.ActiveCfg = Release|x64
		{5FE4BDD7-88AF-4326-9EAB-9CEC858598AE}.Release|x64.Build.0 = Release|x64
		{5FE4BDD7-88AF-4326-9EAB-9CEC858598AE}.Release|x86.ActiveCfg = Release|Win32
		{5FE4BDD7-88AF-4326-9EAB-9CEC858598AE}.Release|x86.Build.0 = Release|Win32
		{5A2C1089-1710-4F30-A10C-809F93B2F257}.Debug|x64.ActiveCfg = Debug|x64
		{5A2C1089-1710-4F30-A10C-809F93B2F257}.Debug|x64.Build.0 = Debug|x64
		{5A2C1089-1710-4F30-A10C-809F93B2F257}.Debug|x86.ActiveCfg = Debug|Win32
		{5A2C1089-1710-4F30-A10C-809F93B2F257}.Debug|x86.Build.0 = Debug|Win32
		{5A2C1089-1710-4F30-A10C-809F93B2F257}.Release|x64.ActiveCfg = Release|x64
		{5A2C1089-1710-4F30-A10C-809F93B2F257}.Release|x64.Build.0 = Release|x64
		{5A2C1089-1710-4F30-A10C-809F93B2F257}.Release|x86.ActiveCfg = Release|Win32
		{5A2C1089-1710-4F30-A10C-809F93B2F257}.Release|x86.Build.0 = Release|Win32
		{83D232CF-6058-4434-AEB0-93BBCFC64329}.Debug|x64.ActiveCfg = Debug|x64
		{83D232CF-6058-4434-AEB0-93BBCFC64329}.Debug|x64.Build.0 = Debug|x64
		{83D232CF-6058-4434-AEB0-93BBCFC64329}.Debug|x86.ActiveCfg = Debug|Win32
		{83D232CF-6058-4434-AEB0-93BBCFC64329}.Debug|x86.Build.0 = Debug|Win32
		{83D232CF-6058-4434-AEB0-93BBCFC64329}.Release|x64.ActiveCfg = Release|x64
		{83D232CF-6058-4434-AEB0-93BBCFC64329}.Release|x64.Build.0 = Release|x64
		{83D232CF-6058-4434-AEB0-93BBCFC64329}.Release|x86.ActiveCfg = Release|Win32
		{83D232CF-6058-4434-AEB0-93BBCFC64329}.Release|x86.Build.0 = Release|Win32
		{A8DB3C3B-9143-448A-8F89-04F4A7CDE5F7}.Debug|x64.ActiveCfg = Debug|x64
		{A8DB3C3B-9143-448A-8F89-04F4A7CDE5F7}.Debug|x64.Build.0 = Debug|x64
		{A8DB3C3B-9143-448A-8F89-04F4A7CDE5F7}.Debug|x86.ActiveCfg = Debug|Win32
		{A8DB3C3B-9143-448A-8F89-04F4A7CDE5F7}.Debug|x86.Build.0 = Debug|Win32
		{A8DB3C3B-9143-448A-8F89-04F4A7CDE5F7}.Release|x64.ActiveCfg = Release|x64
		{A8DB3C3B-9143-448A-8F89-04F4A7CDE5F7}.Release|x64.Build.0 = Release|x64
		{A8DB3C3B-9143-448A-8F89-04F4A7CDE5F7}.Release|x86.ActiveCfg = Release|Win32
		{A8DB3C3B-9143-448A-8F89-04F4A7CDE5F7}.Release|x86.Build.0 = Release|Win32
	EndGlobalSection
	GlobalSection(SolutionProperties) = preSolution
		HideSolutionNode = FALSE
	EndGlobalSection
	GlobalSection(ExtensibilityGlobals) = postSolution
		SolutionGuid = {05450E44-B064-4856-967B-B5E4E7283B0C}
	EndGlobalSection
EndGlobal
